
Microsoft Visual Studio Solution File, Format Version 12.00
# Visual Studio Version 16
VisualStudioVersion = 16.0.31911.196
MinimumVisualStudioVersion = 10.0.40219.1
Project("{FAE04EC0-301F-11D3-BF4B-00C04F79EFBC}") = "Course", "Course\Course.csproj", "{56B77765-D7B9-4059-99AD-C5286E3C465F}"
EndProject
Global
	GlobalSection(SolutionConfigurationPlatforms) = preSolution
		Debug|Any CPU = Debug|Any CPU
		Release|Any CPU = Release|Any CPU
	EndGlobalSection
	GlobalSection(ProjectConfigurationPlatforms) = postSolution
		{56B77765-D7B9-4059-99AD-C5286E3C465F}.Debug|Any CPU.ActiveCfg = Debug|Any CPU
		{56B77765-D7B9-4059-99AD-C5286E3C465F}.Debug|Any CPU.Build.0 = Debug|Any CPU
		{56B77765-D7B9-4059-99AD-C5286E3C465F}.Release|Any CPU.ActiveCfg = Release|Any CPU
		{56B77765-D7B9-4059-99AD-C5286E3C465F}.Release|Any CPU.Build.0 = Release|Any CPU
	EndGlobalSection
	GlobalSection(SolutionProperties) = preSolution
		HideSolutionNode = FALSE
	EndGlobalSection
	GlobalSection(ExtensibilityGlobals) = postSolution
		SolutionGuid = {ED01FF42-A8F4-4A79-BCA4-B3F6D2F1F1EA}
	EndGlobalSection
EndGlobal
